// !$*UTF8*$!
{
	archiveVersion = 1;
	classes = {
	};
	objectVersion = 50;
	objects = {

/* Begin PBXBuildFile section */
		EFD439F22632DDD900B4DE14 /* AppDelegate.swift in Sources */ = {isa = PBXBuildFile; fileRef = EFD439F12632DDD900B4DE14 /* AppDelegate.swift */; };
		EFD439F62632DDD900B4DE14 /* ViewController.swift in Sources */ = {isa = PBXBuildFile; fileRef = EFD439F52632DDD900B4DE14 /* ViewController.swift */; };
		EFD439FB2632DDDB00B4DE14 /* Assets.xcassets in Resources */ = {isa = PBXBuildFile; fileRef = EFD439FA2632DDDB00B4DE14 /* Assets.xcassets */; };
		EFD439FE2632DDDB00B4DE14 /* LaunchScreen.storyboard in Resources */ = {isa = PBXBuildFile; fileRef = EFD439FC2632DDDB00B4DE14 /* LaunchScreen.storyboard */; };
		EFD43A142632DE7400B4DE14 /* BehaviorSubject.swift in Sources */ = {isa = PBXBuildFile; fileRef = EFD43A0B2632DE7400B4DE14 /* BehaviorSubject.swift */; };
		EFD43A152632DE7400B4DE14 /* Observer.swift in Sources */ = {isa = PBXBuildFile; fileRef = EFD43A0C2632DE7400B4DE14 /* Observer.swift */; };
		EFD43A162632DE7400B4DE14 /* PublishSubject.swift in Sources */ = {isa = PBXBuildFile; fileRef = EFD43A0D2632DE7400B4DE14 /* PublishSubject.swift */; };
		EFD43A172632DE7400B4DE14 /* DisposeBase.swift in Sources */ = {isa = PBXBuildFile; fileRef = EFD43A0F2632DE7400B4DE14 /* DisposeBase.swift */; };
		EFD43A182632DE7400B4DE14 /* DisposeBag.swift in Sources */ = {isa = PBXBuildFile; fileRef = EFD43A102632DE7400B4DE14 /* DisposeBag.swift */; };
		EFD43A192632DE7400B4DE14 /* Disposable.swift in Sources */ = {isa = PBXBuildFile; fileRef = EFD43A112632DE7400B4DE14 /* Disposable.swift */; };
		EFD43A1A2632DE7400B4DE14 /* Observable.swift in Sources */ = {isa = PBXBuildFile; fileRef = EFD43A122632DE7400B4DE14 /* Observable.swift */; };
		EFD43A1B2632DE7400B4DE14 /* ObservationToken.swift in Sources */ = {isa = PBXBuildFile; fileRef = EFD43A132632DE7400B4DE14 /* ObservationToken.swift */; };
		EFD43A1F2632DEBC00B4DE14 /* StretchyTableHeaderView.swift in Sources */ = {isa = PBXBuildFile; fileRef = EFD43A1E2632DEBC00B4DE14 /* StretchyTableHeaderView.swift */; };
/* End PBXBuildFile section */

/* Begin PBXFileReference section */
		EFD439EE2632DDD900B4DE14 /* YourNews.app */ = {isa = PBXFileReference; explicitFileType = wrapper.application; includeInIndex = 0; path = YourNews.app; sourceTree = BUILT_PRODUCTS_DIR; };
		EFD439F12632DDD900B4DE14 /* AppDelegate.swift */ = {isa = PBXFileReference; lastKnownFileType = sourcecode.swift; path = AppDelegate.swift; sourceTree = "<group>"; };
		EFD439F52632DDD900B4DE14 /* ViewController.swift */ = {isa = PBXFileReference; lastKnownFileType = sourcecode.swift; path = ViewController.swift; sourceTree = "<group>"; };
		EFD439FA2632DDDB00B4DE14 /* Assets.xcassets */ = {isa = PBXFileReference; lastKnownFileType = folder.assetcatalog; path = Assets.xcassets; sourceTree = "<group>"; };
		EFD439FD2632DDDB00B4DE14 /* Base */ = {isa = PBXFileReference; lastKnownFileType = file.storyboard; name = Base; path = Base.lproj/LaunchScreen.storyboard; sourceTree = "<group>"; };
		EFD439FF2632DDDB00B4DE14 /* Info.plist */ = {isa = PBXFileReference; lastKnownFileType = text.plist.xml; path = Info.plist; sourceTree = "<group>"; };
		EFD43A0B2632DE7400B4DE14 /* BehaviorSubject.swift */ = {isa = PBXFileReference; fileEncoding = 4; lastKnownFileType = sourcecode.swift; path = BehaviorSubject.swift; sourceTree = "<group>"; };
		EFD43A0C2632DE7400B4DE14 /* Observer.swift */ = {isa = PBXFileReference; fileEncoding = 4; lastKnownFileType = sourcecode.swift; path = Observer.swift; sourceTree = "<group>"; };
		EFD43A0D2632DE7400B4DE14 /* PublishSubject.swift */ = {isa = PBXFileReference; fileEncoding = 4; lastKnownFileType = sourcecode.swift; path = PublishSubject.swift; sourceTree = "<group>"; };
		EFD43A0F2632DE7400B4DE14 /* DisposeBase.swift */ = {isa = PBXFileReference; fileEncoding = 4; lastKnownFileType = sourcecode.swift; path = DisposeBase.swift; sourceTree = "<group>"; };
		EFD43A102632DE7400B4DE14 /* DisposeBag.swift */ = {isa = PBXFileReference; fileEncoding = 4; lastKnownFileType = sourcecode.swift; path = DisposeBag.swift; sourceTree = "<group>"; };
		EFD43A112632DE7400B4DE14 /* Disposable.swift */ = {isa = PBXFileReference; fileEncoding = 4; lastKnownFileType = sourcecode.swift; path = Disposable.swift; sourceTree = "<group>"; };
		EFD43A122632DE7400B4DE14 /* Observable.swift */ = {isa = PBXFileReference; fileEncoding = 4; lastKnownFileType = sourcecode.swift; path = Observable.swift; sourceTree = "<group>"; };
		EFD43A132632DE7400B4DE14 /* ObservationToken.swift */ = {isa = PBXFileReference; fileEncoding = 4; lastKnownFileType = sourcecode.swift; path = ObservationToken.swift; sourceTree = "<group>"; };
		EFD43A1E2632DEBC00B4DE14 /* StretchyTableHeaderView.swift */ = {isa = PBXFileReference; lastKnownFileType = sourcecode.swift; path = StretchyTableHeaderView.swift; sourceTree = "<group>"; };
/* End PBXFileReference section */

/* Begin PBXFrameworksBuildPhase section */
		EFD439EB2632DDD900B4DE14 /* Frameworks */ = {
			isa = PBXFrameworksBuildPhase;
			buildActionMask = 2147483647;
			files = (
			);
			runOnlyForDeploymentPostprocessing = 0;
		};
/* End PBXFrameworksBuildPhase section */

/* Begin PBXGroup section */
		EFD439E52632DDD900B4DE14 = {
			isa = PBXGroup;
			children = (
				EFD43A1D2632DEB100B4DE14 /* ReusableViews */,
				EFD43A092632DE5F00B4DE14 /* Tools */,
				EFD439F02632DDD900B4DE14 /* YourNews */,
				EFD439EF2632DDD900B4DE14 /* Products */,
			);
			sourceTree = "<group>";
		};
		EFD439EF2632DDD900B4DE14 /* Products */ = {
			isa = PBXGroup;
			children = (
				EFD439EE2632DDD900B4DE14 /* YourNews.app */,
			);
			name = Products;
			sourceTree = "<group>";
		};
		EFD439F02632DDD900B4DE14 /* YourNews */ = {
			isa = PBXGroup;
			children = (
				EFD439F12632DDD900B4DE14 /* AppDelegate.swift */,
				EFD439F52632DDD900B4DE14 /* ViewController.swift */,
				EFD439FA2632DDDB00B4DE14 /* Assets.xcassets */,
				EFD439FC2632DDDB00B4DE14 /* LaunchScreen.storyboard */,
				EFD439FF2632DDDB00B4DE14 /* Info.plist */,
			);
			path = YourNews;
			sourceTree = "<group>";
		};
		EFD43A092632DE5F00B4DE14 /* Tools */ = {
			isa = PBXGroup;
			children = (
				EFD43A0A2632DE7400B4DE14 /* Observables */,
			);
			path = Tools;
			sourceTree = "<group>";
		};
		EFD43A0A2632DE7400B4DE14 /* Observables */ = {
			isa = PBXGroup;
			children = (
				EFD43A0B2632DE7400B4DE14 /* BehaviorSubject.swift */,
				EFD43A0C2632DE7400B4DE14 /* Observer.swift */,
				EFD43A0D2632DE7400B4DE14 /* PublishSubject.swift */,
				EFD43A0E2632DE7400B4DE14 /* Disposables */,
				EFD43A122632DE7400B4DE14 /* Observable.swift */,
				EFD43A132632DE7400B4DE14 /* ObservationToken.swift */,
			);
			path = Observables;
			sourceTree = "<group>";
		};
		EFD43A0E2632DE7400B4DE14 /* Disposables */ = {
			isa = PBXGroup;
			children = (
				EFD43A0F2632DE7400B4DE14 /* DisposeBase.swift */,
				EFD43A102632DE7400B4DE14 /* DisposeBag.swift */,
				EFD43A112632DE7400B4DE14 /* Disposable.swift */,
			);
			path = Disposables;
			sourceTree = "<group>";
		};
		EFD43A1D2632DEB100B4DE14 /* ReusableViews */ = {
			isa = PBXGroup;
			children = (
				EFD43A1E2632DEBC00B4DE14 /* StretchyTableHeaderView.swift */,
			);
			path = ReusableViews;
			sourceTree = "<group>";
		};
/* End PBXGroup section */

/* Begin PBXNativeTarget section */
		EFD439ED2632DDD900B4DE14 /* YourNews */ = {
			isa = PBXNativeTarget;
			buildConfigurationList = EFD43A022632DDDB00B4DE14 /* Build configuration list for PBXNativeTarget "YourNews" */;
			buildPhases = (
				EFD439EA2632DDD900B4DE14 /* Sources */,
				EFD439EB2632DDD900B4DE14 /* Frameworks */,
				EFD439EC2632DDD900B4DE14 /* Resources */,
			);
			buildRules = (
			);
			dependencies = (
			);
			name = YourNews;
			productName = YourNews;
			productReference = EFD439EE2632DDD900B4DE14 /* YourNews.app */;
			productType = "com.apple.product-type.application";
		};
/* End PBXNativeTarget section */

/* Begin PBXProject section */
		EFD439E62632DDD900B4DE14 /* Project object */ = {
			isa = PBXProject;
			attributes = {
				LastSwiftUpdateCheck = 1210;
				LastUpgradeCheck = 1210;
				TargetAttributes = {
					EFD439ED2632DDD900B4DE14 = {
						CreatedOnToolsVersion = 12.1;
					};
				};
			};
			buildConfigurationList = EFD439E92632DDD900B4DE14 /* Build configuration list for PBXProject "YourNews" */;
			compatibilityVersion = "Xcode 9.3";
			developmentRegion = en;
			hasScannedForEncodings = 0;
			knownRegions = (
				en,
				Base,
			);
			mainGroup = EFD439E52632DDD900B4DE14;
			productRefGroup = EFD439EF2632DDD900B4DE14 /* Products */;
			projectDirPath = "";
			projectRoot = "";
			targets = (
				EFD439ED2632DDD900B4DE14 /* YourNews */,
			);
		};
/* End PBXProject section */

/* Begin PBXResourcesBuildPhase section */
		EFD439EC2632DDD900B4DE14 /* Resources */ = {
			isa = PBXResourcesBuildPhase;
			buildActionMask = 2147483647;
			files = (
				EFD439FE2632DDDB00B4DE14 /* LaunchScreen.storyboard in Resources */,
				EFD439FB2632DDDB00B4DE14 /* Assets.xcassets in Resources */,
			);
			runOnlyForDeploymentPostprocessing = 0;
		};
/* End PBXResourcesBuildPhase section */

/* Begin PBXSourcesBuildPhase section */
		EFD439EA2632DDD900B4DE14 /* Sources */ = {
			isa = PBXSourcesBuildPhase;
			buildActionMask = 2147483647;
			files = (
				EFD43A1F2632DEBC00B4DE14 /* StretchyTableHeaderView.swift in Sources */,
				EFD43A1B2632DE7400B4DE14 /* ObservationToken.swift in Sources */,
				EFD43A162632DE7400B4DE14 /* PublishSubject.swift in Sources */,
				EFD43A192632DE7400B4DE14 /* Disposable.swift in Sources */,
				EFD439F62632DDD900B4DE14 /* ViewController.swift in Sources */,
				EFD43A172632DE7400B4DE14 /* DisposeBase.swift in Sources */,
				EFD43A1A2632DE7400B4DE14 /* Observable.swift in Sources */,
				EFD43A152632DE7400B4DE14 /* Observer.swift in Sources */,
				EFD43A142632DE7400B4DE14 /* BehaviorSubject.swift in Sources */,
				EFD439F22632DDD900B4DE14 /* AppDelegate.swift in Sources */,
				EFD43A182632DE7400B4DE14 /* DisposeBag.swift in Sources */,
			);
			runOnlyForDeploymentPostprocessing = 0;
		};
/* End PBXSourcesBuildPhase section */

/* Begin PBXVariantGroup section */
		EFD439FC2632DDDB00B4DE14 /* LaunchScreen.storyboard */ = {
			isa = PBXVariantGroup;
			children = (
				EFD439FD2632DDDB00B4DE14 /* Base */,
			);
			name = LaunchScreen.storyboard;
			sourceTree = "<group>";
		};
/* End PBXVariantGroup section */

/* Begin XCBuildConfiguration section */
		EFD43A002632DDDB00B4DE14 /* Debug */ = {
			isa = XCBuildConfiguration;
			buildSettings = {
				ALWAYS_SEARCH_USER_PATHS = NO;
				CLANG_ANALYZER_NONNULL = YES;
				CLANG_ANALYZER_NUMBER_OBJECT_CONVERSION = YES_AGGRESSIVE;
				CLANG_CXX_LANGUAGE_STANDARD = "gnu++14";
				CLANG_CXX_LIBRARY = "libc++";
				CLANG_ENABLE_MODULES = YES;
				CLANG_ENABLE_OBJC_ARC = YES;
				CLANG_ENABLE_OBJC_WEAK = YES;
				CLANG_WARN_BLOCK_CAPTURE_AUTORELEASING = YES;
				CLANG_WARN_BOOL_CONVERSION = YES;
				CLANG_WARN_COMMA = YES;
				CLANG_WARN_CONSTANT_CONVERSION = YES;
				CLANG_WARN_DEPRECATED_OBJC_IMPLEMENTATIONS = YES;
				CLANG_WARN_DIRECT_OBJC_ISA_USAGE = YES_ERROR;
				CLANG_WARN_DOCUMENTATION_COMMENTS = YES;
				CLANG_WARN_EMPTY_BODY = YES;
				CLANG_WARN_ENUM_CONVERSION = YES;
				CLANG_WARN_INFINITE_RECURSION = YES;
				CLANG_WARN_INT_CONVERSION = YES;
				CLANG_WARN_NON_LITERAL_NULL_CONVERSION = YES;
				CLANG_WARN_OBJC_IMPLICIT_RETAIN_SELF = YES;
				CLANG_WARN_OBJC_LITERAL_CONVERSION = YES;
				CLANG_WARN_OBJC_ROOT_CLASS = YES_ERROR;
				CLANG_WARN_QUOTED_INCLUDE_IN_FRAMEWORK_HEADER = YES;
				CLANG_WARN_RANGE_LOOP_ANALYSIS = YES;
				CLANG_WARN_STRICT_PROTOTYPES = YES;
				CLANG_WARN_SUSPICIOUS_MOVE = YES;
				CLANG_WARN_UNGUARDED_AVAILABILITY = YES_AGGRESSIVE;
				CLANG_WARN_UNREACHABLE_CODE = YES;
				CLANG_WARN__DUPLICATE_METHOD_MATCH = YES;
				COPY_PHASE_STRIP = NO;
				DEBUG_INFORMATION_FORMAT = dwarf;
				ENABLE_STRICT_OBJC_MSGSEND = YES;
				ENABLE_TESTABILITY = YES;
				GCC_C_LANGUAGE_STANDARD = gnu11;
				GCC_DYNAMIC_NO_PIC = NO;
				GCC_NO_COMMON_BLOCKS = YES;
				GCC_OPTIMIZATION_LEVEL = 0;
				GCC_PREPROCESSOR_DEFINITIONS = (
					"DEBUG=1",
					"$(inherited)",
				);
				GCC_WARN_64_TO_32_BIT_CONVERSION = YES;
				GCC_WARN_ABOUT_RETURN_TYPE = YES_ERROR;
				GCC_WARN_UNDECLARED_SELECTOR = YES;
				GCC_WARN_UNINITIALIZED_AUTOS = YES_AGGRESSIVE;
				GCC_WARN_UNUSED_FUNCTION = YES;
				GCC_WARN_UNUSED_VARIABLE = YES;
				IPHONEOS_DEPLOYMENT_TARGET = 14.1;
				MTL_ENABLE_DEBUG_INFO = INCLUDE_SOURCE;
				MTL_FAST_MATH = YES;
				ONLY_ACTIVE_ARCH = YES;
				SDKROOT = iphoneos;
				SWIFT_ACTIVE_COMPILATION_CONDITIONS = DEBUG;
				SWIFT_OPTIMIZATION_LEVEL = "-Onone";
			};
			name = Debug;
		};
		EFD43A012632DDDB00B4DE14 /* Release */ = {
			isa = XCBuildConfiguration;
			buildSettings = {
				ALWAYS_SEARCH_USER_PATHS = NO;
				CLANG_ANALYZER_NONNULL = YES;
				CLANG_ANALYZER_NUMBER_OBJECT_CONVERSION = YES_AGGRESSIVE;
				CLANG_CXX_LANGUAGE_STANDARD = "gnu++14";
				CLANG_CXX_LIBRARY = "libc++";
				CLANG_ENABLE_MODULES = YES;
				CLANG_ENABLE_OBJC_ARC = YES;
				CLANG_ENABLE_OBJC_WEAK = YES;
				CLANG_WARN_BLOCK_CAPTURE_AUTORELEASING = YES;
				CLANG_WARN_BOOL_CONVERSION = YES;
				CLANG_WARN_COMMA = YES;
				CLANG_WARN_CONSTANT_CONVERSION = YES;
				CLANG_WARN_DEPRECATED_OBJC_IMPLEMENTATIONS = YES;
				CLANG_WARN_DIRECT_OBJC_ISA_USAGE = YES_ERROR;
				CLANG_WARN_DOCUMENTATION_COMMENTS = YES;
				CLANG_WARN_EMPTY_BODY = YES;
				CLANG_WARN_ENUM_CONVERSION = YES;
				CLANG_WARN_INFINITE_RECURSION = YES;
				CLANG_WARN_INT_CONVERSION = YES;
				CLANG_WARN_NON_LITERAL_NULL_CONVERSION = YES;
				CLANG_WARN_OBJC_IMPLICIT_RETAIN_SELF = YES;
				CLANG_WARN_OBJC_LITERAL_CONVERSION = YES;
				CLANG_WARN_OBJC_ROOT_CLASS = YES_ERROR;
				CLANG_WARN_QUOTED_INCLUDE_IN_FRAMEWORK_HEADER = YES;
				CLANG_WARN_RANGE_LOOP_ANALYSIS = YES;
				CLANG_WARN_STRICT_PROTOTYPES = YES;
				CLANG_WARN_SUSPICIOUS_MOVE = YES;
				CLANG_WARN_UNGUARDED_AVAILABILITY = YES_AGGRESSIVE;
				CLANG_WARN_UNREACHABLE_CODE = YES;
				CLANG_WARN__DUPLICATE_METHOD_MATCH = YES;
				COPY_PHASE_STRIP = NO;
				DEBUG_INFORMATION_FORMAT = "dwarf-with-dsym";
				ENABLE_NS_ASSERTIONS = NO;
				ENABLE_STRICT_OBJC_MSGSEND = YES;
				GCC_C_LANGUAGE_STANDARD = gnu11;
				GCC_NO_COMMON_BLOCKS = YES;
				GCC_WARN_64_TO_32_BIT_CONVERSION = YES;
				GCC_WARN_ABOUT_RETURN_TYPE = YES_ERROR;
				GCC_WARN_UNDECLARED_SELECTOR = YES;
				GCC_WARN_UNINITIALIZED_AUTOS = YES_AGGRESSIVE;
				GCC_WARN_UNUSED_FUNCTION = YES;
				GCC_WARN_UNUSED_VARIABLE = YES;
				IPHONEOS_DEPLOYMENT_TARGET = 14.1;
				MTL_ENABLE_DEBUG_INFO = NO;
				MTL_FAST_MATH = YES;
				SDKROOT = iphoneos;
				SWIFT_COMPILATION_MODE = wholemodule;
				SWIFT_OPTIMIZATION_LEVEL = "-O";
				VALIDATE_PRODUCT = YES;
			};
			name = Release;
		};
		EFD43A032632DDDB00B4DE14 /* Debug */ = {
			isa = XCBuildConfiguration;
			buildSettings = {
				ASSETCATALOG_COMPILER_APPICON_NAME = AppIcon;
				ASSETCATALOG_COMPILER_GLOBAL_ACCENT_COLOR_NAME = AccentColor;
				CODE_SIGN_STYLE = Automatic;
				INFOPLIST_FILE = YourNews/Info.plist;
				IPHONEOS_DEPLOYMENT_TARGET = 12.0;
				LD_RUNPATH_SEARCH_PATHS = (
					"$(inherited)",
					"@executable_path/Frameworks",
				);
				PRODUCT_BUNDLE_IDENTIFIER = com.victorylink.YourNews;
				PRODUCT_NAME = "$(TARGET_NAME)";
				SWIFT_VERSION = 5.0;
				TARGETED_DEVICE_FAMILY = "1,2";
			};
			name = Debug;
		};
		EFD43A042632DDDB00B4DE14 /* Release */ = {
			isa = XCBuildConfiguration;
			buildSettings = {
				ASSETCATALOG_COMPILER_APPICON_NAME = AppIcon;
				ASSETCATALOG_COMPILER_GLOBAL_ACCENT_COLOR_NAME = AccentColor;
				CODE_SIGN_STYLE = Automatic;
				INFOPLIST_FILE = YourNews/Info.plist;
				IPHONEOS_DEPLOYMENT_TARGET = 12.0;
				LD_RUNPATH_SEARCH_PATHS = (
					"$(inherited)",
					"@executable_path/Frameworks",
				);
				PRODUCT_BUNDLE_IDENTIFIER = com.victorylink.YourNews;
				PRODUCT_NAME = "$(TARGET_NAME)";
				SWIFT_VERSION = 5.0;
				TARGETED_DEVICE_FAMILY = "1,2";
			};
			name = Release;
		};
/* End XCBuildConfiguration section */

/* Begin XCConfigurationList section */
		EFD439E92632DDD900B4DE14 /* Build configuration list for PBXProject "YourNews" */ = {
			isa = XCConfigurationList;
			buildConfigurations = (
				EFD43A002632DDDB00B4DE14 /* Debug */,
				EFD43A012632DDDB00B4DE14 /* Release */,
			);
			defaultConfigurationIsVisible = 0;
			defaultConfigurationName = Release;
		};
		EFD43A022632DDDB00B4DE14 /* Build configuration list for PBXNativeTarget "YourNews" */ = {
			isa = XCConfigurationList;
			buildConfigurations = (
				EFD43A032632DDDB00B4DE14 /* Debug */,
				EFD43A042632DDDB00B4DE14 /* Release */,
			);
			defaultConfigurationIsVisible = 0;
			defaultConfigurationName = Release;
		};
/* End XCConfigurationList section */
	};
	rootObject = EFD439E62632DDD900B4DE14 /* Project object */;
}
