// !$*UTF8*$!
{
	archiveVersion = 1;
	classes = {
	};
	objectVersion = 52;
	objects = {

/* Begin PBXBuildFile section */
		EF69A6472633575D00CF9535 /* EmptyStateViewController.swift in Sources */ = {isa = PBXBuildFile; fileRef = EF69A6452633575D00CF9535 /* EmptyStateViewController.swift */; };
		EF69A6482633575D00CF9535 /* EmptyStateViewController.xib in Resources */ = {isa = PBXBuildFile; fileRef = EF69A6462633575D00CF9535 /* EmptyStateViewController.xib */; };
		EF760D3B2632EEE9003E1000 /* Eureka in Frameworks */ = {isa = PBXBuildFile; productRef = EF760D3A2632EEE9003E1000 /* Eureka */; };
		EF760D402632EF4A003E1000 /* OnboardingViewController.swift in Sources */ = {isa = PBXBuildFile; fileRef = EF760D3F2632EF4A003E1000 /* OnboardingViewController.swift */; };
		EF760D472632EFAC003E1000 /* FormViewController.swift in Sources */ = {isa = PBXBuildFile; fileRef = EF760D462632EFAC003E1000 /* FormViewController.swift */; };
		EF760D4B2632F0F6003E1000 /* ViewModel.swift in Sources */ = {isa = PBXBuildFile; fileRef = EF760D4A2632F0F6003E1000 /* ViewModel.swift */; };
		EF760D4E2632F11A003E1000 /* State.swift in Sources */ = {isa = PBXBuildFile; fileRef = EF760D4D2632F11A003E1000 /* State.swift */; };
		EF760D522632F1DD003E1000 /* ProgressViewType.swift in Sources */ = {isa = PBXBuildFile; fileRef = EF760D512632F1DD003E1000 /* ProgressViewType.swift */; };
		EF760D562632F289003E1000 /* UIViewController+ProgressViewable.swift in Sources */ = {isa = PBXBuildFile; fileRef = EF760D552632F289003E1000 /* UIViewController+ProgressViewable.swift */; };
		EF760D5B2632F31A003E1000 /* InProgressView.xib in Resources */ = {isa = PBXBuildFile; fileRef = EF760D592632F31A003E1000 /* InProgressView.xib */; };
		EF760D5C2632F31A003E1000 /* InProgressView.swift in Sources */ = {isa = PBXBuildFile; fileRef = EF760D5A2632F31A003E1000 /* InProgressView.swift */; };
		EF760D5F2632F351003E1000 /* ProgressViewable.swift in Sources */ = {isa = PBXBuildFile; fileRef = EF760D5E2632F351003E1000 /* ProgressViewable.swift */; };
		EF760D622632F3EF003E1000 /* UITableView+Helpers.swift in Sources */ = {isa = PBXBuildFile; fileRef = EF760D612632F3EF003E1000 /* UITableView+Helpers.swift */; };
		EF760D652632F425003E1000 /* UIView+Appearance.swift in Sources */ = {isa = PBXBuildFile; fileRef = EF760D642632F425003E1000 /* UIView+Appearance.swift */; };
		EF760D692632F52F003E1000 /* NavigationScrollBehavior.swift in Sources */ = {isa = PBXBuildFile; fileRef = EF760D682632F52F003E1000 /* NavigationScrollBehavior.swift */; };
		EF760D7C26330DD1003E1000 /* News.swift in Sources */ = {isa = PBXBuildFile; fileRef = EF760D7B26330DD1003E1000 /* News.swift */; };
		EF760D8026330ED8003E1000 /* NetworkManager.swift in Sources */ = {isa = PBXBuildFile; fileRef = EF760D7F26330ED8003E1000 /* NetworkManager.swift */; };
		EF760D842633116F003E1000 /* NewsEndPoint.swift in Sources */ = {isa = PBXBuildFile; fileRef = EF760D832633116F003E1000 /* NewsEndPoint.swift */; };
		EF760D8A26331297003E1000 /* APIError.swift in Sources */ = {isa = PBXBuildFile; fileRef = EF760D8926331297003E1000 /* APIError.swift */; };
		EF760D8E263312B3003E1000 /* Constants.swift in Sources */ = {isa = PBXBuildFile; fileRef = EF760D8D263312B3003E1000 /* Constants.swift */; };
		EF760D912633134B003E1000 /* NewsRemoteProtocol.swift in Sources */ = {isa = PBXBuildFile; fileRef = EF760D902633134B003E1000 /* NewsRemoteProtocol.swift */; };
		EF760D952633172F003E1000 /* NewsRemote.swift in Sources */ = {isa = PBXBuildFile; fileRef = EF760D942633172F003E1000 /* NewsRemote.swift */; };
		EF760D9926334F0F003E1000 /* NewsStore.swift in Sources */ = {isa = PBXBuildFile; fileRef = EF760D9826334F0F003E1000 /* NewsStore.swift */; };
		EF760D9C26334F2B003E1000 /* NewsStoreProtocol.swift in Sources */ = {isa = PBXBuildFile; fileRef = EF760D9B26334F2B003E1000 /* NewsStoreProtocol.swift */; };
		EFD439F22632DDD900B4DE14 /* AppDelegate.swift in Sources */ = {isa = PBXBuildFile; fileRef = EFD439F12632DDD900B4DE14 /* AppDelegate.swift */; };
		EFD439F62632DDD900B4DE14 /* ViewController.swift in Sources */ = {isa = PBXBuildFile; fileRef = EFD439F52632DDD900B4DE14 /* ViewController.swift */; };
		EFD439FB2632DDDB00B4DE14 /* Assets.xcassets in Resources */ = {isa = PBXBuildFile; fileRef = EFD439FA2632DDDB00B4DE14 /* Assets.xcassets */; };
		EFD439FE2632DDDB00B4DE14 /* LaunchScreen.storyboard in Resources */ = {isa = PBXBuildFile; fileRef = EFD439FC2632DDDB00B4DE14 /* LaunchScreen.storyboard */; };
		EFD43A142632DE7400B4DE14 /* BehaviorSubject.swift in Sources */ = {isa = PBXBuildFile; fileRef = EFD43A0B2632DE7400B4DE14 /* BehaviorSubject.swift */; };
		EFD43A152632DE7400B4DE14 /* Observer.swift in Sources */ = {isa = PBXBuildFile; fileRef = EFD43A0C2632DE7400B4DE14 /* Observer.swift */; };
		EFD43A162632DE7400B4DE14 /* PublishSubject.swift in Sources */ = {isa = PBXBuildFile; fileRef = EFD43A0D2632DE7400B4DE14 /* PublishSubject.swift */; };
		EFD43A172632DE7400B4DE14 /* DisposeBase.swift in Sources */ = {isa = PBXBuildFile; fileRef = EFD43A0F2632DE7400B4DE14 /* DisposeBase.swift */; };
		EFD43A182632DE7400B4DE14 /* DisposeBag.swift in Sources */ = {isa = PBXBuildFile; fileRef = EFD43A102632DE7400B4DE14 /* DisposeBag.swift */; };
		EFD43A192632DE7400B4DE14 /* Disposable.swift in Sources */ = {isa = PBXBuildFile; fileRef = EFD43A112632DE7400B4DE14 /* Disposable.swift */; };
		EFD43A1A2632DE7400B4DE14 /* Observable.swift in Sources */ = {isa = PBXBuildFile; fileRef = EFD43A122632DE7400B4DE14 /* Observable.swift */; };
		EFD43A1B2632DE7400B4DE14 /* ObservationToken.swift in Sources */ = {isa = PBXBuildFile; fileRef = EFD43A132632DE7400B4DE14 /* ObservationToken.swift */; };
		EFD43A1F2632DEBC00B4DE14 /* StretchyTableHeaderView.swift in Sources */ = {isa = PBXBuildFile; fileRef = EFD43A1E2632DEBC00B4DE14 /* StretchyTableHeaderView.swift */; };
		EFD43A272632DF7400B4DE14 /* ActionsFooterView.swift in Sources */ = {isa = PBXBuildFile; fileRef = EFD43A232632DF7400B4DE14 /* ActionsFooterView.swift */; };
		EFD43A282632DF7400B4DE14 /* ButtonAction.swift in Sources */ = {isa = PBXBuildFile; fileRef = EFD43A242632DF7400B4DE14 /* ButtonAction.swift */; };
		EFD43A292632DF7400B4DE14 /* LoadingButton.swift in Sources */ = {isa = PBXBuildFile; fileRef = EFD43A252632DF7400B4DE14 /* LoadingButton.swift */; };
		EFD43A2A2632DF7400B4DE14 /* ActionsFooterView.xib in Resources */ = {isa = PBXBuildFile; fileRef = EFD43A262632DF7400B4DE14 /* ActionsFooterView.xib */; };
		EFD43A2E2632DFE800B4DE14 /* UIViewController+Helpers.swift in Sources */ = {isa = PBXBuildFile; fileRef = EFD43A2D2632DFE800B4DE14 /* UIViewController+Helpers.swift */; };
		EFD43A312632E03100B4DE14 /* NSObject+Helpers.swift in Sources */ = {isa = PBXBuildFile; fileRef = EFD43A302632E03100B4DE14 /* NSObject+Helpers.swift */; };
		EFD43A372632E0B700B4DE14 /* UIView+Helpers.swift in Sources */ = {isa = PBXBuildFile; fileRef = EFD43A362632E0B700B4DE14 /* UIView+Helpers.swift */; };
		EFD43A3A2632E0EE00B4DE14 /* UIButton+Helpers.swift in Sources */ = {isa = PBXBuildFile; fileRef = EFD43A392632E0EE00B4DE14 /* UIButton+Helpers.swift */; };
		EFD43A4E2632E2CC00B4DE14 /* UIFont+Helpers.swift in Sources */ = {isa = PBXBuildFile; fileRef = EFD43A472632E2CC00B4DE14 /* UIFont+Helpers.swift */; };
		EFD43A4F2632E2CC00B4DE14 /* UIColor+SemanticColors.swift in Sources */ = {isa = PBXBuildFile; fileRef = EFD43A482632E2CC00B4DE14 /* UIColor+SemanticColors.swift */; };
		EFD43A502632E2CC00B4DE14 /* ColorStudio.swift in Sources */ = {isa = PBXBuildFile; fileRef = EFD43A492632E2CC00B4DE14 /* ColorStudio.swift */; };
		EFD43A512632E2CC00B4DE14 /* UIFont+App.swift in Sources */ = {isa = PBXBuildFile; fileRef = EFD43A4A2632E2CC00B4DE14 /* UIFont+App.swift */; };
		EFD43A522632E2CC00B4DE14 /* Style.swift in Sources */ = {isa = PBXBuildFile; fileRef = EFD43A4B2632E2CC00B4DE14 /* Style.swift */; };
		EFD43A532632E2CC00B4DE14 /* UIColor+ColorStudio.swift in Sources */ = {isa = PBXBuildFile; fileRef = EFD43A4C2632E2CC00B4DE14 /* UIColor+ColorStudio.swift */; };
		EFD43A542632E2CC00B4DE14 /* UIColor+SystemColors.swift in Sources */ = {isa = PBXBuildFile; fileRef = EFD43A4D2632E2CC00B4DE14 /* UIColor+SystemColors.swift */; };
		EFD43A582632E42B00B4DE14 /* UISettings.swift in Sources */ = {isa = PBXBuildFile; fileRef = EFD43A572632E42B00B4DE14 /* UISettings.swift */; };
		EFD43A6D2632EC8F00B4DE14 /* Assets.swift in Sources */ = {isa = PBXBuildFile; fileRef = EFD43A6C2632EC8F00B4DE14 /* Assets.swift */; };
		FF8061525A20526EAE33A32D /* Pods_YourNews.framework in Frameworks */ = {isa = PBXBuildFile; fileRef = 4C021046198EA080A27B1140 /* Pods_YourNews.framework */; };
/* End PBXBuildFile section */

/* Begin PBXFileReference section */
		47AB730649F83F0572DFB582 /* Pods-YourNews.release.xcconfig */ = {isa = PBXFileReference; includeInIndex = 1; lastKnownFileType = text.xcconfig; name = "Pods-YourNews.release.xcconfig"; path = "Target Support Files/Pods-YourNews/Pods-YourNews.release.xcconfig"; sourceTree = "<group>"; };
		4C021046198EA080A27B1140 /* Pods_YourNews.framework */ = {isa = PBXFileReference; explicitFileType = wrapper.framework; includeInIndex = 0; path = Pods_YourNews.framework; sourceTree = BUILT_PRODUCTS_DIR; };
		96D039CC77BAE652A8666913 /* Pods-YourNews.debug.xcconfig */ = {isa = PBXFileReference; includeInIndex = 1; lastKnownFileType = text.xcconfig; name = "Pods-YourNews.debug.xcconfig"; path = "Target Support Files/Pods-YourNews/Pods-YourNews.debug.xcconfig"; sourceTree = "<group>"; };
		EF69A6452633575D00CF9535 /* EmptyStateViewController.swift */ = {isa = PBXFileReference; fileEncoding = 4; lastKnownFileType = sourcecode.swift; path = EmptyStateViewController.swift; sourceTree = "<group>"; };
		EF69A6462633575D00CF9535 /* EmptyStateViewController.xib */ = {isa = PBXFileReference; fileEncoding = 4; lastKnownFileType = file.xib; path = EmptyStateViewController.xib; sourceTree = "<group>"; };
		EF760D3F2632EF4A003E1000 /* OnboardingViewController.swift */ = {isa = PBXFileReference; lastKnownFileType = sourcecode.swift; path = OnboardingViewController.swift; sourceTree = "<group>"; };
		EF760D462632EFAC003E1000 /* FormViewController.swift */ = {isa = PBXFileReference; lastKnownFileType = sourcecode.swift; path = FormViewController.swift; sourceTree = "<group>"; };
		EF760D4A2632F0F6003E1000 /* ViewModel.swift */ = {isa = PBXFileReference; lastKnownFileType = sourcecode.swift; path = ViewModel.swift; sourceTree = "<group>"; };
		EF760D4D2632F11A003E1000 /* State.swift */ = {isa = PBXFileReference; lastKnownFileType = sourcecode.swift; path = State.swift; sourceTree = "<group>"; };
		EF760D512632F1DD003E1000 /* ProgressViewType.swift */ = {isa = PBXFileReference; lastKnownFileType = sourcecode.swift; path = ProgressViewType.swift; sourceTree = "<group>"; };
		EF760D552632F289003E1000 /* UIViewController+ProgressViewable.swift */ = {isa = PBXFileReference; lastKnownFileType = sourcecode.swift; path = "UIViewController+ProgressViewable.swift"; sourceTree = "<group>"; };
		EF760D592632F31A003E1000 /* InProgressView.xib */ = {isa = PBXFileReference; fileEncoding = 4; lastKnownFileType = file.xib; path = InProgressView.xib; sourceTree = "<group>"; };
		EF760D5A2632F31A003E1000 /* InProgressView.swift */ = {isa = PBXFileReference; fileEncoding = 4; lastKnownFileType = sourcecode.swift; path = InProgressView.swift; sourceTree = "<group>"; };
		EF760D5E2632F351003E1000 /* ProgressViewable.swift */ = {isa = PBXFileReference; lastKnownFileType = sourcecode.swift; path = ProgressViewable.swift; sourceTree = "<group>"; };
		EF760D612632F3EF003E1000 /* UITableView+Helpers.swift */ = {isa = PBXFileReference; lastKnownFileType = sourcecode.swift; path = "UITableView+Helpers.swift"; sourceTree = "<group>"; };
		EF760D642632F425003E1000 /* UIView+Appearance.swift */ = {isa = PBXFileReference; lastKnownFileType = sourcecode.swift; path = "UIView+Appearance.swift"; sourceTree = "<group>"; };
		EF760D682632F52F003E1000 /* NavigationScrollBehavior.swift */ = {isa = PBXFileReference; lastKnownFileType = sourcecode.swift; path = NavigationScrollBehavior.swift; sourceTree = "<group>"; };
		EF760D7B26330DD1003E1000 /* News.swift */ = {isa = PBXFileReference; lastKnownFileType = sourcecode.swift; path = News.swift; sourceTree = "<group>"; };
		EF760D7F26330ED8003E1000 /* NetworkManager.swift */ = {isa = PBXFileReference; lastKnownFileType = sourcecode.swift; path = NetworkManager.swift; sourceTree = "<group>"; };
		EF760D832633116F003E1000 /* NewsEndPoint.swift */ = {isa = PBXFileReference; lastKnownFileType = sourcecode.swift; path = NewsEndPoint.swift; sourceTree = "<group>"; };
		EF760D8926331297003E1000 /* APIError.swift */ = {isa = PBXFileReference; lastKnownFileType = sourcecode.swift; path = APIError.swift; sourceTree = "<group>"; };
		EF760D8D263312B3003E1000 /* Constants.swift */ = {isa = PBXFileReference; lastKnownFileType = sourcecode.swift; path = Constants.swift; sourceTree = "<group>"; };
		EF760D902633134B003E1000 /* NewsRemoteProtocol.swift */ = {isa = PBXFileReference; lastKnownFileType = sourcecode.swift; path = NewsRemoteProtocol.swift; sourceTree = "<group>"; };
		EF760D942633172F003E1000 /* NewsRemote.swift */ = {isa = PBXFileReference; lastKnownFileType = sourcecode.swift; path = NewsRemote.swift; sourceTree = "<group>"; };
		EF760D9826334F0F003E1000 /* NewsStore.swift */ = {isa = PBXFileReference; lastKnownFileType = sourcecode.swift; path = NewsStore.swift; sourceTree = "<group>"; };
		EF760D9B26334F2B003E1000 /* NewsStoreProtocol.swift */ = {isa = PBXFileReference; lastKnownFileType = sourcecode.swift; path = NewsStoreProtocol.swift; sourceTree = "<group>"; };
		EFD439EE2632DDD900B4DE14 /* YourNews.app */ = {isa = PBXFileReference; explicitFileType = wrapper.application; includeInIndex = 0; path = YourNews.app; sourceTree = BUILT_PRODUCTS_DIR; };
		EFD439F12632DDD900B4DE14 /* AppDelegate.swift */ = {isa = PBXFileReference; lastKnownFileType = sourcecode.swift; path = AppDelegate.swift; sourceTree = "<group>"; };
		EFD439F52632DDD900B4DE14 /* ViewController.swift */ = {isa = PBXFileReference; lastKnownFileType = sourcecode.swift; path = ViewController.swift; sourceTree = "<group>"; };
		EFD439FA2632DDDB00B4DE14 /* Assets.xcassets */ = {isa = PBXFileReference; lastKnownFileType = folder.assetcatalog; path = Assets.xcassets; sourceTree = "<group>"; };
		EFD439FD2632DDDB00B4DE14 /* Base */ = {isa = PBXFileReference; lastKnownFileType = file.storyboard; name = Base; path = Base.lproj/LaunchScreen.storyboard; sourceTree = "<group>"; };
		EFD439FF2632DDDB00B4DE14 /* Info.plist */ = {isa = PBXFileReference; lastKnownFileType = text.plist.xml; path = Info.plist; sourceTree = "<group>"; };
		EFD43A0B2632DE7400B4DE14 /* BehaviorSubject.swift */ = {isa = PBXFileReference; fileEncoding = 4; lastKnownFileType = sourcecode.swift; path = BehaviorSubject.swift; sourceTree = "<group>"; };
		EFD43A0C2632DE7400B4DE14 /* Observer.swift */ = {isa = PBXFileReference; fileEncoding = 4; lastKnownFileType = sourcecode.swift; path = Observer.swift; sourceTree = "<group>"; };
		EFD43A0D2632DE7400B4DE14 /* PublishSubject.swift */ = {isa = PBXFileReference; fileEncoding = 4; lastKnownFileType = sourcecode.swift; path = PublishSubject.swift; sourceTree = "<group>"; };
		EFD43A0F2632DE7400B4DE14 /* DisposeBase.swift */ = {isa = PBXFileReference; fileEncoding = 4; lastKnownFileType = sourcecode.swift; path = DisposeBase.swift; sourceTree = "<group>"; };
		EFD43A102632DE7400B4DE14 /* DisposeBag.swift */ = {isa = PBXFileReference; fileEncoding = 4; lastKnownFileType = sourcecode.swift; path = DisposeBag.swift; sourceTree = "<group>"; };
		EFD43A112632DE7400B4DE14 /* Disposable.swift */ = {isa = PBXFileReference; fileEncoding = 4; lastKnownFileType = sourcecode.swift; path = Disposable.swift; sourceTree = "<group>"; };
		EFD43A122632DE7400B4DE14 /* Observable.swift */ = {isa = PBXFileReference; fileEncoding = 4; lastKnownFileType = sourcecode.swift; path = Observable.swift; sourceTree = "<group>"; };
		EFD43A132632DE7400B4DE14 /* ObservationToken.swift */ = {isa = PBXFileReference; fileEncoding = 4; lastKnownFileType = sourcecode.swift; path = ObservationToken.swift; sourceTree = "<group>"; };
		EFD43A1E2632DEBC00B4DE14 /* StretchyTableHeaderView.swift */ = {isa = PBXFileReference; lastKnownFileType = sourcecode.swift; path = StretchyTableHeaderView.swift; sourceTree = "<group>"; };
		EFD43A232632DF7400B4DE14 /* ActionsFooterView.swift */ = {isa = PBXFileReference; fileEncoding = 4; lastKnownFileType = sourcecode.swift; path = ActionsFooterView.swift; sourceTree = "<group>"; };
		EFD43A242632DF7400B4DE14 /* ButtonAction.swift */ = {isa = PBXFileReference; fileEncoding = 4; lastKnownFileType = sourcecode.swift; path = ButtonAction.swift; sourceTree = "<group>"; };
		EFD43A252632DF7400B4DE14 /* LoadingButton.swift */ = {isa = PBXFileReference; fileEncoding = 4; lastKnownFileType = sourcecode.swift; path = LoadingButton.swift; sourceTree = "<group>"; };
		EFD43A262632DF7400B4DE14 /* ActionsFooterView.xib */ = {isa = PBXFileReference; fileEncoding = 4; lastKnownFileType = file.xib; path = ActionsFooterView.xib; sourceTree = "<group>"; };
		EFD43A2D2632DFE800B4DE14 /* UIViewController+Helpers.swift */ = {isa = PBXFileReference; lastKnownFileType = sourcecode.swift; path = "UIViewController+Helpers.swift"; sourceTree = "<group>"; };
		EFD43A302632E03100B4DE14 /* NSObject+Helpers.swift */ = {isa = PBXFileReference; lastKnownFileType = sourcecode.swift; path = "NSObject+Helpers.swift"; sourceTree = "<group>"; };
		EFD43A362632E0B700B4DE14 /* UIView+Helpers.swift */ = {isa = PBXFileReference; lastKnownFileType = sourcecode.swift; path = "UIView+Helpers.swift"; sourceTree = "<group>"; };
		EFD43A392632E0EE00B4DE14 /* UIButton+Helpers.swift */ = {isa = PBXFileReference; lastKnownFileType = sourcecode.swift; path = "UIButton+Helpers.swift"; sourceTree = "<group>"; };
		EFD43A472632E2CC00B4DE14 /* UIFont+Helpers.swift */ = {isa = PBXFileReference; fileEncoding = 4; lastKnownFileType = sourcecode.swift; path = "UIFont+Helpers.swift"; sourceTree = "<group>"; };
		EFD43A482632E2CC00B4DE14 /* UIColor+SemanticColors.swift */ = {isa = PBXFileReference; fileEncoding = 4; lastKnownFileType = sourcecode.swift; path = "UIColor+SemanticColors.swift"; sourceTree = "<group>"; };
		EFD43A492632E2CC00B4DE14 /* ColorStudio.swift */ = {isa = PBXFileReference; fileEncoding = 4; lastKnownFileType = sourcecode.swift; path = ColorStudio.swift; sourceTree = "<group>"; };
		EFD43A4A2632E2CC00B4DE14 /* UIFont+App.swift */ = {isa = PBXFileReference; fileEncoding = 4; lastKnownFileType = sourcecode.swift; path = "UIFont+App.swift"; sourceTree = "<group>"; };
		EFD43A4B2632E2CC00B4DE14 /* Style.swift */ = {isa = PBXFileReference; fileEncoding = 4; lastKnownFileType = sourcecode.swift; path = Style.swift; sourceTree = "<group>"; };
		EFD43A4C2632E2CC00B4DE14 /* UIColor+ColorStudio.swift */ = {isa = PBXFileReference; fileEncoding = 4; lastKnownFileType = sourcecode.swift; path = "UIColor+ColorStudio.swift"; sourceTree = "<group>"; };
		EFD43A4D2632E2CC00B4DE14 /* UIColor+SystemColors.swift */ = {isa = PBXFileReference; fileEncoding = 4; lastKnownFileType = sourcecode.swift; path = "UIColor+SystemColors.swift"; sourceTree = "<group>"; };
		EFD43A572632E42B00B4DE14 /* UISettings.swift */ = {isa = PBXFileReference; lastKnownFileType = sourcecode.swift; path = UISettings.swift; sourceTree = "<group>"; };
		EFD43A6C2632EC8F00B4DE14 /* Assets.swift */ = {isa = PBXFileReference; fileEncoding = 4; lastKnownFileType = sourcecode.swift; path = Assets.swift; sourceTree = SOURCE_ROOT; };
/* End PBXFileReference section */

/* Begin PBXFrameworksBuildPhase section */
		EFD439EB2632DDD900B4DE14 /* Frameworks */ = {
			isa = PBXFrameworksBuildPhase;
			buildActionMask = 2147483647;
			files = (
				FF8061525A20526EAE33A32D /* Pods_YourNews.framework in Frameworks */,
				EF760D3B2632EEE9003E1000 /* Eureka in Frameworks */,
			);
			runOnlyForDeploymentPostprocessing = 0;
		};
/* End PBXFrameworksBuildPhase section */

/* Begin PBXGroup section */
		3FC8C5572554505C50338D0F /* Frameworks */ = {
			isa = PBXGroup;
			children = (
				4C021046198EA080A27B1140 /* Pods_YourNews.framework */,
			);
			name = Frameworks;
			sourceTree = "<group>";
		};
		EF69A644263356C000CF9535 /* EmptyViewController */ = {
			isa = PBXGroup;
			children = (
				EF69A6452633575D00CF9535 /* EmptyStateViewController.swift */,
				EF69A6462633575D00CF9535 /* EmptyStateViewController.xib */,
			);
			path = EmptyViewController;
			sourceTree = "<group>";
		};
		EF760D3D2632EF19003E1000 /* ViewRelated */ = {
			isa = PBXGroup;
			children = (
				EF760D3E2632EF37003E1000 /* Controllers */,
				EFD43A1D2632DEB100B4DE14 /* ReusableViews */,
				EFD43A462632E2CC00B4DE14 /* Styles */,
				EFD43A2C2632DFDB00B4DE14 /* Extensions */,
			);
			path = ViewRelated;
			sourceTree = "<group>";
		};
		EF760D3E2632EF37003E1000 /* Controllers */ = {
			isa = PBXGroup;
			children = (
				EF760D3F2632EF4A003E1000 /* OnboardingViewController.swift */,
			);
			path = Controllers;
			sourceTree = "<group>";
		};
		EF760D492632F0EB003E1000 /* Classes */ = {
			isa = PBXGroup;
			children = (
				EF760D502632F134003E1000 /* BaseViewModel */,
			);
			path = Classes;
			sourceTree = "<group>";
		};
		EF760D502632F134003E1000 /* BaseViewModel */ = {
			isa = PBXGroup;
			children = (
				EF760D4A2632F0F6003E1000 /* ViewModel.swift */,
				EF760D4D2632F11A003E1000 /* State.swift */,
			);
			path = BaseViewModel;
			sourceTree = "<group>";
		};
		EF760D582632F2DB003E1000 /* InProgressView */ = {
			isa = PBXGroup;
			children = (
				EF760D5A2632F31A003E1000 /* InProgressView.swift */,
				EF760D592632F31A003E1000 /* InProgressView.xib */,
				EF760D5E2632F351003E1000 /* ProgressViewable.swift */,
			);
			path = InProgressView;
			sourceTree = "<group>";
		};
		EF760D7A26330DC5003E1000 /* Models */ = {
			isa = PBXGroup;
			children = (
				EF760D7B26330DD1003E1000 /* News.swift */,
			);
			path = Models;
			sourceTree = "<group>";
		};
		EF760D7E26330EC3003E1000 /* Network */ = {
			isa = PBXGroup;
			children = (
				EF760D7F26330ED8003E1000 /* NetworkManager.swift */,
				EF760D832633116F003E1000 /* NewsEndPoint.swift */,
				EF760D8926331297003E1000 /* APIError.swift */,
				EF760D8D263312B3003E1000 /* Constants.swift */,
				EF760D902633134B003E1000 /* NewsRemoteProtocol.swift */,
				EF760D942633172F003E1000 /* NewsRemote.swift */,
				EF760D9826334F0F003E1000 /* NewsStore.swift */,
				EF760D9B26334F2B003E1000 /* NewsStoreProtocol.swift */,
			);
			path = Network;
			sourceTree = "<group>";
		};
		EFD439E52632DDD900B4DE14 = {
			isa = PBXGroup;
			children = (
				EF760D7E26330EC3003E1000 /* Network */,
				EF760D7A26330DC5003E1000 /* Models */,
				EF760D492632F0EB003E1000 /* Classes */,
				EFD43A692632EBDB00B4DE14 /* Resources */,
				EF760D3D2632EF19003E1000 /* ViewRelated */,
				EFD43A092632DE5F00B4DE14 /* Tools */,
				EFD439F02632DDD900B4DE14 /* YourNews */,
				EFD439EF2632DDD900B4DE14 /* Products */,
				F7A685C25EBAC442E1F4DDB3 /* Pods */,
				3FC8C5572554505C50338D0F /* Frameworks */,
			);
			sourceTree = "<group>";
		};
		EFD439EF2632DDD900B4DE14 /* Products */ = {
			isa = PBXGroup;
			children = (
				EFD439EE2632DDD900B4DE14 /* YourNews.app */,
			);
			name = Products;
			sourceTree = "<group>";
		};
		EFD439F02632DDD900B4DE14 /* YourNews */ = {
			isa = PBXGroup;
			children = (
				EFD439F12632DDD900B4DE14 /* AppDelegate.swift */,
				EFD439F52632DDD900B4DE14 /* ViewController.swift */,
				EFD439FC2632DDDB00B4DE14 /* LaunchScreen.storyboard */,
				EFD439FF2632DDDB00B4DE14 /* Info.plist */,
			);
			path = YourNews;
			sourceTree = "<group>";
		};
		EFD43A092632DE5F00B4DE14 /* Tools */ = {
			isa = PBXGroup;
			children = (
				EFD43A0A2632DE7400B4DE14 /* Observables */,
				EF760D682632F52F003E1000 /* NavigationScrollBehavior.swift */,
			);
			path = Tools;
			sourceTree = "<group>";
		};
		EFD43A0A2632DE7400B4DE14 /* Observables */ = {
			isa = PBXGroup;
			children = (
				EFD43A0B2632DE7400B4DE14 /* BehaviorSubject.swift */,
				EFD43A0C2632DE7400B4DE14 /* Observer.swift */,
				EFD43A0D2632DE7400B4DE14 /* PublishSubject.swift */,
				EFD43A0E2632DE7400B4DE14 /* Disposables */,
				EFD43A122632DE7400B4DE14 /* Observable.swift */,
				EFD43A132632DE7400B4DE14 /* ObservationToken.swift */,
			);
			path = Observables;
			sourceTree = "<group>";
		};
		EFD43A0E2632DE7400B4DE14 /* Disposables */ = {
			isa = PBXGroup;
			children = (
				EFD43A0F2632DE7400B4DE14 /* DisposeBase.swift */,
				EFD43A102632DE7400B4DE14 /* DisposeBag.swift */,
				EFD43A112632DE7400B4DE14 /* Disposable.swift */,
			);
			path = Disposables;
			sourceTree = "<group>";
		};
		EFD43A1D2632DEB100B4DE14 /* ReusableViews */ = {
			isa = PBXGroup;
			children = (
				EF69A644263356C000CF9535 /* EmptyViewController */,
				EF760D582632F2DB003E1000 /* InProgressView */,
				EFD43A222632DF7400B4DE14 /* ActionsFooterView */,
				EFD43A1E2632DEBC00B4DE14 /* StretchyTableHeaderView.swift */,
				EF760D462632EFAC003E1000 /* FormViewController.swift */,
				EF760D512632F1DD003E1000 /* ProgressViewType.swift */,
				EF760D552632F289003E1000 /* UIViewController+ProgressViewable.swift */,
			);
			path = ReusableViews;
			sourceTree = "<group>";
		};
		EFD43A222632DF7400B4DE14 /* ActionsFooterView */ = {
			isa = PBXGroup;
			children = (
				EFD43A232632DF7400B4DE14 /* ActionsFooterView.swift */,
				EFD43A242632DF7400B4DE14 /* ButtonAction.swift */,
				EFD43A252632DF7400B4DE14 /* LoadingButton.swift */,
				EFD43A262632DF7400B4DE14 /* ActionsFooterView.xib */,
			);
			path = ActionsFooterView;
			sourceTree = "<group>";
		};
		EFD43A2C2632DFDB00B4DE14 /* Extensions */ = {
			isa = PBXGroup;
			children = (
				EFD43A2D2632DFE800B4DE14 /* UIViewController+Helpers.swift */,
				EFD43A302632E03100B4DE14 /* NSObject+Helpers.swift */,
				EFD43A362632E0B700B4DE14 /* UIView+Helpers.swift */,
				EFD43A392632E0EE00B4DE14 /* UIButton+Helpers.swift */,
				EF760D612632F3EF003E1000 /* UITableView+Helpers.swift */,
				EF760D642632F425003E1000 /* UIView+Appearance.swift */,
			);
			path = Extensions;
			sourceTree = "<group>";
		};
		EFD43A462632E2CC00B4DE14 /* Styles */ = {
			isa = PBXGroup;
			children = (
				EFD43A472632E2CC00B4DE14 /* UIFont+Helpers.swift */,
				EFD43A482632E2CC00B4DE14 /* UIColor+SemanticColors.swift */,
				EFD43A492632E2CC00B4DE14 /* ColorStudio.swift */,
				EFD43A4A2632E2CC00B4DE14 /* UIFont+App.swift */,
				EFD43A4B2632E2CC00B4DE14 /* Style.swift */,
				EFD43A4C2632E2CC00B4DE14 /* UIColor+ColorStudio.swift */,
				EFD43A4D2632E2CC00B4DE14 /* UIColor+SystemColors.swift */,
				EFD43A572632E42B00B4DE14 /* UISettings.swift */,
			);
			path = Styles;
			sourceTree = "<group>";
		};
		EFD43A692632EBDB00B4DE14 /* Resources */ = {
			isa = PBXGroup;
			children = (
				EFD43A6C2632EC8F00B4DE14 /* Assets.swift */,
				EFD439FA2632DDDB00B4DE14 /* Assets.xcassets */,
			);
			path = Resources;
			sourceTree = "<group>";
		};
		F7A685C25EBAC442E1F4DDB3 /* Pods */ = {
			isa = PBXGroup;
			children = (
				96D039CC77BAE652A8666913 /* Pods-YourNews.debug.xcconfig */,
				47AB730649F83F0572DFB582 /* Pods-YourNews.release.xcconfig */,
			);
			path = Pods;
			sourceTree = "<group>";
		};
/* End PBXGroup section */

/* Begin PBXNativeTarget section */
		EFD439ED2632DDD900B4DE14 /* YourNews */ = {
			isa = PBXNativeTarget;
			buildConfigurationList = EFD43A022632DDDB00B4DE14 /* Build configuration list for PBXNativeTarget "YourNews" */;
			buildPhases = (
				A66252635590D645EE54F65D /* [CP] Check Pods Manifest.lock */,
				EFD439EA2632DDD900B4DE14 /* Sources */,
				EFD439EB2632DDD900B4DE14 /* Frameworks */,
				EFD439EC2632DDD900B4DE14 /* Resources */,
				EFD43A622632E72500B4DE14 /* SwiftGen */,
				33256DD89E7094CF45C8A876 /* [CP] Embed Pods Frameworks */,
			);
			buildRules = (
			);
			dependencies = (
			);
			name = YourNews;
			packageProductDependencies = (
				EF760D3A2632EEE9003E1000 /* Eureka */,
			);
			productName = YourNews;
			productReference = EFD439EE2632DDD900B4DE14 /* YourNews.app */;
			productType = "com.apple.product-type.application";
		};
/* End PBXNativeTarget section */

/* Begin PBXProject section */
		EFD439E62632DDD900B4DE14 /* Project object */ = {
			isa = PBXProject;
			attributes = {
				LastSwiftUpdateCheck = 1210;
				LastUpgradeCheck = 1210;
				TargetAttributes = {
					EFD439ED2632DDD900B4DE14 = {
						CreatedOnToolsVersion = 12.1;
					};
				};
			};
			buildConfigurationList = EFD439E92632DDD900B4DE14 /* Build configuration list for PBXProject "YourNews" */;
			compatibilityVersion = "Xcode 9.3";
			developmentRegion = en;
			hasScannedForEncodings = 0;
			knownRegions = (
				en,
				Base,
			);
			mainGroup = EFD439E52632DDD900B4DE14;
			packageReferences = (
				EF760D392632EEE9003E1000 /* XCRemoteSwiftPackageReference "Eureka" */,
			);
			productRefGroup = EFD439EF2632DDD900B4DE14 /* Products */;
			projectDirPath = "";
			projectRoot = "";
			targets = (
				EFD439ED2632DDD900B4DE14 /* YourNews */,
			);
		};
/* End PBXProject section */

/* Begin PBXResourcesBuildPhase section */
		EFD439EC2632DDD900B4DE14 /* Resources */ = {
			isa = PBXResourcesBuildPhase;
			buildActionMask = 2147483647;
			files = (
				EF69A6482633575D00CF9535 /* EmptyStateViewController.xib in Resources */,
				EFD439FE2632DDDB00B4DE14 /* LaunchScreen.storyboard in Resources */,
				EFD43A2A2632DF7400B4DE14 /* ActionsFooterView.xib in Resources */,
				EF760D5B2632F31A003E1000 /* InProgressView.xib in Resources */,
				EFD439FB2632DDDB00B4DE14 /* Assets.xcassets in Resources */,
			);
			runOnlyForDeploymentPostprocessing = 0;
		};
/* End PBXResourcesBuildPhase section */

/* Begin PBXShellScriptBuildPhase section */
		33256DD89E7094CF45C8A876 /* [CP] Embed Pods Frameworks */ = {
			isa = PBXShellScriptBuildPhase;
			buildActionMask = 2147483647;
			files = (
			);
			inputFileListPaths = (
				"${PODS_ROOT}/Target Support Files/Pods-YourNews/Pods-YourNews-frameworks-${CONFIGURATION}-input-files.xcfilelist",
			);
			name = "[CP] Embed Pods Frameworks";
			outputFileListPaths = (
				"${PODS_ROOT}/Target Support Files/Pods-YourNews/Pods-YourNews-frameworks-${CONFIGURATION}-output-files.xcfilelist",
			);
			runOnlyForDeploymentPostprocessing = 0;
			shellPath = /bin/sh;
			shellScript = "\"${PODS_ROOT}/Target Support Files/Pods-YourNews/Pods-YourNews-frameworks.sh\"\n";
			showEnvVarsInLog = 0;
		};
		A66252635590D645EE54F65D /* [CP] Check Pods Manifest.lock */ = {
			isa = PBXShellScriptBuildPhase;
			buildActionMask = 2147483647;
			files = (
			);
			inputFileListPaths = (
			);
			inputPaths = (
				"${PODS_PODFILE_DIR_PATH}/Podfile.lock",
				"${PODS_ROOT}/Manifest.lock",
			);
			name = "[CP] Check Pods Manifest.lock";
			outputFileListPaths = (
			);
			outputPaths = (
				"$(DERIVED_FILE_DIR)/Pods-YourNews-checkManifestLockResult.txt",
			);
			runOnlyForDeploymentPostprocessing = 0;
			shellPath = /bin/sh;
			shellScript = "diff \"${PODS_PODFILE_DIR_PATH}/Podfile.lock\" \"${PODS_ROOT}/Manifest.lock\" > /dev/null\nif [ $? != 0 ] ; then\n    # print error to STDERR\n    echo \"error: The sandbox is not in sync with the Podfile.lock. Run 'pod install' or update your CocoaPods installation.\" >&2\n    exit 1\nfi\n# This output is used by Xcode 'outputs' to avoid re-running this script phase.\necho \"SUCCESS\" > \"${SCRIPT_OUTPUT_FILE_0}\"\n";
			showEnvVarsInLog = 0;
		};
		EFD43A622632E72500B4DE14 /* SwiftGen */ = {
			isa = PBXShellScriptBuildPhase;
			buildActionMask = 8;
			files = (
			);
			inputFileListPaths = (
			);
			inputPaths = (
			);
			name = SwiftGen;
			outputFileListPaths = (
			);
			outputPaths = (
			);
			runOnlyForDeploymentPostprocessing = 1;
			shellPath = /bin/sh;
			shellScript = "if [[ -f \"${PODS_ROOT}/SwiftGen/bin/swiftgen\" ]]; then\n  \"${PODS_ROOT}/SwiftGen/bin/swiftgen\" …\nelse\n  echo \"warning: SwiftGen is not installed. Run 'pod install --repo-update' to install it.\"\nfi\n";
		};
/* End PBXShellScriptBuildPhase section */

/* Begin PBXSourcesBuildPhase section */
		EFD439EA2632DDD900B4DE14 /* Sources */ = {
			isa = PBXSourcesBuildPhase;
			buildActionMask = 2147483647;
			files = (
				EFD43A282632DF7400B4DE14 /* ButtonAction.swift in Sources */,
				EFD43A1F2632DEBC00B4DE14 /* StretchyTableHeaderView.swift in Sources */,
				EF760D952633172F003E1000 /* NewsRemote.swift in Sources */,
				EFD43A272632DF7400B4DE14 /* ActionsFooterView.swift in Sources */,
				EF760D522632F1DD003E1000 /* ProgressViewType.swift in Sources */,
				EFD43A1B2632DE7400B4DE14 /* ObservationToken.swift in Sources */,
				EFD43A532632E2CC00B4DE14 /* UIColor+ColorStudio.swift in Sources */,
				EF760D842633116F003E1000 /* NewsEndPoint.swift in Sources */,
				EFD43A162632DE7400B4DE14 /* PublishSubject.swift in Sources */,
				EF760D8E263312B3003E1000 /* Constants.swift in Sources */,
				EF760D472632EFAC003E1000 /* FormViewController.swift in Sources */,
				EF760D652632F425003E1000 /* UIView+Appearance.swift in Sources */,
				EFD43A512632E2CC00B4DE14 /* UIFont+App.swift in Sources */,
				EF760D8026330ED8003E1000 /* NetworkManager.swift in Sources */,
				EF760D4E2632F11A003E1000 /* State.swift in Sources */,
				EFD43A192632DE7400B4DE14 /* Disposable.swift in Sources */,
				EFD43A522632E2CC00B4DE14 /* Style.swift in Sources */,
				EF760D4B2632F0F6003E1000 /* ViewModel.swift in Sources */,
				EFD439F62632DDD900B4DE14 /* ViewController.swift in Sources */,
				EFD43A312632E03100B4DE14 /* NSObject+Helpers.swift in Sources */,
				EF760D402632EF4A003E1000 /* OnboardingViewController.swift in Sources */,
				EFD43A172632DE7400B4DE14 /* DisposeBase.swift in Sources */,
				EF760D9926334F0F003E1000 /* NewsStore.swift in Sources */,
				EFD43A372632E0B700B4DE14 /* UIView+Helpers.swift in Sources */,
				EFD43A292632DF7400B4DE14 /* LoadingButton.swift in Sources */,
				EFD43A1A2632DE7400B4DE14 /* Observable.swift in Sources */,
				EFD43A152632DE7400B4DE14 /* Observer.swift in Sources */,
				EFD43A4F2632E2CC00B4DE14 /* UIColor+SemanticColors.swift in Sources */,
				EFD43A3A2632E0EE00B4DE14 /* UIButton+Helpers.swift in Sources */,
				EF760D7C26330DD1003E1000 /* News.swift in Sources */,
				EF760D5F2632F351003E1000 /* ProgressViewable.swift in Sources */,
				EFD43A4E2632E2CC00B4DE14 /* UIFont+Helpers.swift in Sources */,
				EF760D692632F52F003E1000 /* NavigationScrollBehavior.swift in Sources */,
				EFD43A542632E2CC00B4DE14 /* UIColor+SystemColors.swift in Sources */,
				EFD43A142632DE7400B4DE14 /* BehaviorSubject.swift in Sources */,
				EFD439F22632DDD900B4DE14 /* AppDelegate.swift in Sources */,
				EF760D912633134B003E1000 /* NewsRemoteProtocol.swift in Sources */,
				EF760D562632F289003E1000 /* UIViewController+ProgressViewable.swift in Sources */,
				EF760D5C2632F31A003E1000 /* InProgressView.swift in Sources */,
				EF760D9C26334F2B003E1000 /* NewsStoreProtocol.swift in Sources */,
				EF69A6472633575D00CF9535 /* EmptyStateViewController.swift in Sources */,
				EFD43A582632E42B00B4DE14 /* UISettings.swift in Sources */,
				EF760D622632F3EF003E1000 /* UITableView+Helpers.swift in Sources */,
				EFD43A502632E2CC00B4DE14 /* ColorStudio.swift in Sources */,
				EFD43A2E2632DFE800B4DE14 /* UIViewController+Helpers.swift in Sources */,
				EFD43A182632DE7400B4DE14 /* DisposeBag.swift in Sources */,
				EFD43A6D2632EC8F00B4DE14 /* Assets.swift in Sources */,
				EF760D8A26331297003E1000 /* APIError.swift in Sources */,
			);
			runOnlyForDeploymentPostprocessing = 0;
		};
/* End PBXSourcesBuildPhase section */

/* Begin PBXVariantGroup section */
		EFD439FC2632DDDB00B4DE14 /* LaunchScreen.storyboard */ = {
			isa = PBXVariantGroup;
			children = (
				EFD439FD2632DDDB00B4DE14 /* Base */,
			);
			name = LaunchScreen.storyboard;
			sourceTree = "<group>";
		};
/* End PBXVariantGroup section */

/* Begin XCBuildConfiguration section */
		EFD43A002632DDDB00B4DE14 /* Debug */ = {
			isa = XCBuildConfiguration;
			buildSettings = {
				ALWAYS_SEARCH_USER_PATHS = NO;
				CLANG_ANALYZER_NONNULL = YES;
				CLANG_ANALYZER_NUMBER_OBJECT_CONVERSION = YES_AGGRESSIVE;
				CLANG_CXX_LANGUAGE_STANDARD = "gnu++14";
				CLANG_CXX_LIBRARY = "libc++";
				CLANG_ENABLE_MODULES = YES;
				CLANG_ENABLE_OBJC_ARC = YES;
				CLANG_ENABLE_OBJC_WEAK = YES;
				CLANG_WARN_BLOCK_CAPTURE_AUTORELEASING = YES;
				CLANG_WARN_BOOL_CONVERSION = YES;
				CLANG_WARN_COMMA = YES;
				CLANG_WARN_CONSTANT_CONVERSION = YES;
				CLANG_WARN_DEPRECATED_OBJC_IMPLEMENTATIONS = YES;
				CLANG_WARN_DIRECT_OBJC_ISA_USAGE = YES_ERROR;
				CLANG_WARN_DOCUMENTATION_COMMENTS = YES;
				CLANG_WARN_EMPTY_BODY = YES;
				CLANG_WARN_ENUM_CONVERSION = YES;
				CLANG_WARN_INFINITE_RECURSION = YES;
				CLANG_WARN_INT_CONVERSION = YES;
				CLANG_WARN_NON_LITERAL_NULL_CONVERSION = YES;
				CLANG_WARN_OBJC_IMPLICIT_RETAIN_SELF = YES;
				CLANG_WARN_OBJC_LITERAL_CONVERSION = YES;
				CLANG_WARN_OBJC_ROOT_CLASS = YES_ERROR;
				CLANG_WARN_QUOTED_INCLUDE_IN_FRAMEWORK_HEADER = YES;
				CLANG_WARN_RANGE_LOOP_ANALYSIS = YES;
				CLANG_WARN_STRICT_PROTOTYPES = YES;
				CLANG_WARN_SUSPICIOUS_MOVE = YES;
				CLANG_WARN_UNGUARDED_AVAILABILITY = YES_AGGRESSIVE;
				CLANG_WARN_UNREACHABLE_CODE = YES;
				CLANG_WARN__DUPLICATE_METHOD_MATCH = YES;
				COPY_PHASE_STRIP = NO;
				DEBUG_INFORMATION_FORMAT = dwarf;
				ENABLE_STRICT_OBJC_MSGSEND = YES;
				ENABLE_TESTABILITY = YES;
				GCC_C_LANGUAGE_STANDARD = gnu11;
				GCC_DYNAMIC_NO_PIC = NO;
				GCC_NO_COMMON_BLOCKS = YES;
				GCC_OPTIMIZATION_LEVEL = 0;
				GCC_PREPROCESSOR_DEFINITIONS = (
					"DEBUG=1",
					"$(inherited)",
				);
				GCC_WARN_64_TO_32_BIT_CONVERSION = YES;
				GCC_WARN_ABOUT_RETURN_TYPE = YES_ERROR;
				GCC_WARN_UNDECLARED_SELECTOR = YES;
				GCC_WARN_UNINITIALIZED_AUTOS = YES_AGGRESSIVE;
				GCC_WARN_UNUSED_FUNCTION = YES;
				GCC_WARN_UNUSED_VARIABLE = YES;
				IPHONEOS_DEPLOYMENT_TARGET = 14.1;
				MTL_ENABLE_DEBUG_INFO = INCLUDE_SOURCE;
				MTL_FAST_MATH = YES;
				ONLY_ACTIVE_ARCH = YES;
				SDKROOT = iphoneos;
				SWIFT_ACTIVE_COMPILATION_CONDITIONS = DEBUG;
				SWIFT_OPTIMIZATION_LEVEL = "-Onone";
			};
			name = Debug;
		};
		EFD43A012632DDDB00B4DE14 /* Release */ = {
			isa = XCBuildConfiguration;
			buildSettings = {
				ALWAYS_SEARCH_USER_PATHS = NO;
				CLANG_ANALYZER_NONNULL = YES;
				CLANG_ANALYZER_NUMBER_OBJECT_CONVERSION = YES_AGGRESSIVE;
				CLANG_CXX_LANGUAGE_STANDARD = "gnu++14";
				CLANG_CXX_LIBRARY = "libc++";
				CLANG_ENABLE_MODULES = YES;
				CLANG_ENABLE_OBJC_ARC = YES;
				CLANG_ENABLE_OBJC_WEAK = YES;
				CLANG_WARN_BLOCK_CAPTURE_AUTORELEASING = YES;
				CLANG_WARN_BOOL_CONVERSION = YES;
				CLANG_WARN_COMMA = YES;
				CLANG_WARN_CONSTANT_CONVERSION = YES;
				CLANG_WARN_DEPRECATED_OBJC_IMPLEMENTATIONS = YES;
				CLANG_WARN_DIRECT_OBJC_ISA_USAGE = YES_ERROR;
				CLANG_WARN_DOCUMENTATION_COMMENTS = YES;
				CLANG_WARN_EMPTY_BODY = YES;
				CLANG_WARN_ENUM_CONVERSION = YES;
				CLANG_WARN_INFINITE_RECURSION = YES;
				CLANG_WARN_INT_CONVERSION = YES;
				CLANG_WARN_NON_LITERAL_NULL_CONVERSION = YES;
				CLANG_WARN_OBJC_IMPLICIT_RETAIN_SELF = YES;
				CLANG_WARN_OBJC_LITERAL_CONVERSION = YES;
				CLANG_WARN_OBJC_ROOT_CLASS = YES_ERROR;
				CLANG_WARN_QUOTED_INCLUDE_IN_FRAMEWORK_HEADER = YES;
				CLANG_WARN_RANGE_LOOP_ANALYSIS = YES;
				CLANG_WARN_STRICT_PROTOTYPES = YES;
				CLANG_WARN_SUSPICIOUS_MOVE = YES;
				CLANG_WARN_UNGUARDED_AVAILABILITY = YES_AGGRESSIVE;
				CLANG_WARN_UNREACHABLE_CODE = YES;
				CLANG_WARN__DUPLICATE_METHOD_MATCH = YES;
				COPY_PHASE_STRIP = NO;
				DEBUG_INFORMATION_FORMAT = "dwarf-with-dsym";
				ENABLE_NS_ASSERTIONS = NO;
				ENABLE_STRICT_OBJC_MSGSEND = YES;
				GCC_C_LANGUAGE_STANDARD = gnu11;
				GCC_NO_COMMON_BLOCKS = YES;
				GCC_WARN_64_TO_32_BIT_CONVERSION = YES;
				GCC_WARN_ABOUT_RETURN_TYPE = YES_ERROR;
				GCC_WARN_UNDECLARED_SELECTOR = YES;
				GCC_WARN_UNINITIALIZED_AUTOS = YES_AGGRESSIVE;
				GCC_WARN_UNUSED_FUNCTION = YES;
				GCC_WARN_UNUSED_VARIABLE = YES;
				IPHONEOS_DEPLOYMENT_TARGET = 14.1;
				MTL_ENABLE_DEBUG_INFO = NO;
				MTL_FAST_MATH = YES;
				SDKROOT = iphoneos;
				SWIFT_COMPILATION_MODE = wholemodule;
				SWIFT_OPTIMIZATION_LEVEL = "-O";
				VALIDATE_PRODUCT = YES;
			};
			name = Release;
		};
		EFD43A032632DDDB00B4DE14 /* Debug */ = {
			isa = XCBuildConfiguration;
			baseConfigurationReference = 96D039CC77BAE652A8666913 /* Pods-YourNews.debug.xcconfig */;
			buildSettings = {
				ASSETCATALOG_COMPILER_APPICON_NAME = AppIcon;
				ASSETCATALOG_COMPILER_GLOBAL_ACCENT_COLOR_NAME = AccentColor;
				CODE_SIGN_STYLE = Automatic;
				INFOPLIST_FILE = YourNews/Info.plist;
				IPHONEOS_DEPLOYMENT_TARGET = 12.0;
				LD_RUNPATH_SEARCH_PATHS = (
					"$(inherited)",
					"@executable_path/Frameworks",
				);
				PRODUCT_BUNDLE_IDENTIFIER = com.victorylink.YourNews;
				PRODUCT_NAME = "$(TARGET_NAME)";
				SWIFT_VERSION = 5.0;
				TARGETED_DEVICE_FAMILY = "1,2";
			};
			name = Debug;
		};
		EFD43A042632DDDB00B4DE14 /* Release */ = {
			isa = XCBuildConfiguration;
			baseConfigurationReference = 47AB730649F83F0572DFB582 /* Pods-YourNews.release.xcconfig */;
			buildSettings = {
				ASSETCATALOG_COMPILER_APPICON_NAME = AppIcon;
				ASSETCATALOG_COMPILER_GLOBAL_ACCENT_COLOR_NAME = AccentColor;
				CODE_SIGN_STYLE = Automatic;
				INFOPLIST_FILE = YourNews/Info.plist;
				IPHONEOS_DEPLOYMENT_TARGET = 12.0;
				LD_RUNPATH_SEARCH_PATHS = (
					"$(inherited)",
					"@executable_path/Frameworks",
				);
				PRODUCT_BUNDLE_IDENTIFIER = com.victorylink.YourNews;
				PRODUCT_NAME = "$(TARGET_NAME)";
				SWIFT_VERSION = 5.0;
				TARGETED_DEVICE_FAMILY = "1,2";
			};
			name = Release;
		};
/* End XCBuildConfiguration section */

/* Begin XCConfigurationList section */
		EFD439E92632DDD900B4DE14 /* Build configuration list for PBXProject "YourNews" */ = {
			isa = XCConfigurationList;
			buildConfigurations = (
				EFD43A002632DDDB00B4DE14 /* Debug */,
				EFD43A012632DDDB00B4DE14 /* Release */,
			);
			defaultConfigurationIsVisible = 0;
			defaultConfigurationName = Release;
		};
		EFD43A022632DDDB00B4DE14 /* Build configuration list for PBXNativeTarget "YourNews" */ = {
			isa = XCConfigurationList;
			buildConfigurations = (
				EFD43A032632DDDB00B4DE14 /* Debug */,
				EFD43A042632DDDB00B4DE14 /* Release */,
			);
			defaultConfigurationIsVisible = 0;
			defaultConfigurationName = Release;
		};
/* End XCConfigurationList section */

/* Begin XCRemoteSwiftPackageReference section */
		EF760D392632EEE9003E1000 /* XCRemoteSwiftPackageReference "Eureka" */ = {
			isa = XCRemoteSwiftPackageReference;
			repositoryURL = "https://github.com/xmartlabs/Eureka.git";
			requirement = {
				kind = upToNextMajorVersion;
				minimumVersion = 5.3.3;
			};
		};
/* End XCRemoteSwiftPackageReference section */

/* Begin XCSwiftPackageProductDependency section */
		EF760D3A2632EEE9003E1000 /* Eureka */ = {
			isa = XCSwiftPackageProductDependency;
			package = EF760D392632EEE9003E1000 /* XCRemoteSwiftPackageReference "Eureka" */;
			productName = Eureka;
		};
/* End XCSwiftPackageProductDependency section */
	};
	rootObject = EFD439E62632DDD900B4DE14 /* Project object */;
}
